{
    "hash": "0c1c048bd3e976d79aa9a2bfb5afbf32",
    "packages": [
        {
            "name": "tdd-php/lib-simple-calc",
            "version": "v1.0.0",
            "target-dir": "Gajdaw/TddExamples/SimpleCalc",
            "source": {
                "type": "git",
                "url": "https://github.com/tdd-php/lib-simple-calc.git",
                "reference": "v1.0.0"
            },
            "require": {
                "php": ">=5.3.3"
            },
            "type": "library",
            "autoload": {
                "psr-0": {
                    "Gajdaw\\TddExamples\\SimpleCalc": ""
                }
            },
            "license": [
                "MIT"
            ],
            "authors": [
                {
                    "name": "Włodzimierz Gajda",
                    "email": "gajdaw@gajdaw.pl"
                }
            ],
            "description": "Example math operations: addition, subtraction, multiplication, division",
            "time": "2013-03-20 08:16:55"
        }
    ],
    "packages-dev": [

    ],
    "aliases": [

    ],
    "minimum-stability": "stable",
    "stability-flags": [

    ],
    "platform": {
        "php": ">=5.3.3"
    },
    "platform-dev": [

    ]
}
