{
    "hash": "bb806647e35c5cb123217ad5ab89aaad",
    "packages": [
        {
            "name": "tdd-php/lib-simple-calc",
            "version": "dev-master",
            "target-dir": "Gajdaw/TddExamples/SimpleCalc",
            "source": {
                "type": "git",
                "url": "https://github.com/tdd-php/lib-simple-calc.git",
                "reference": "0aa6d1d02b0acc463de118d534f9bf6faac2ec27"
            },
            "dist": {
                "type": "zip",
                "url": "https://api.github.com/repos/tdd-php/lib-simple-calc/zipball/0aa6d1d02b0acc463de118d534f9bf6faac2ec27",
                "reference": "0aa6d1d02b0acc463de118d534f9bf6faac2ec27",
                "shasum": ""
            },
            "require": {
                "php": ">=5.3.3"
            },
            "type": "library",
            "autoload": {
                "psr-0": {
                    "Gajdaw\\TddExamples\\SimpleCalc": ""
                }
            },
            "notification-url": "http://packagist.org/downloads/",
            "license": [
                "MIT"
            ],
            "authors": [
                {
                    "name": "Włodzimierz Gajda",
                    "email": "gajdaw@gajdaw.pl",
                    "homepage": "http://gajdaw.pl",
                    "role": "Developer"
                }
            ],
            "description": "Example math operations: addition, subtraction, multiplication, division",
            "time": "2013-03-15 16:03:20"
        }
    ],
    "packages-dev": [

    ],
    "aliases": [

    ],
    "minimum-stability": "stable",
    "stability-flags": {
        "tdd-php/lib-simple-calc": 20
    },
    "platform": {
        "php": ">=5.3.3"
    },
    "platform-dev": [

    ]
}
